
Microsoft Visual Studio Solution File, Format Version 12.00
# Visual Studio Version 16
VisualStudioVersion = 16.0.30907.101
MinimumVisualStudioVersion = 10.0.40219.1
Project("{FAE04EC0-301F-11D3-BF4B-00C04F79EFBC}") = "Лаб.№4", "Лаб.№4.csproj", "{E0C0F6EC-5BB9-4A80-8A0D-520BBC3C0021}"
EndProject
Global
	GlobalSection(SolutionConfigurationPlatforms) = preSolution
		Debug|Any CPU = Debug|Any CPU
		Release|Any CPU = Release|Any CPU
	EndGlobalSection
	GlobalSection(ProjectConfigurationPlatforms) = postSolution
		{E0C0F6EC-5BB9-4A80-8A0D-520BBC3C0021}.Debug|Any CPU.ActiveCfg = Debug|Any CPU
		{E0C0F6EC-5BB9-4A80-8A0D-520BBC3C0021}.Debug|Any CPU.Build.0 = Debug|Any CPU
		{E0C0F6EC-5BB9-4A80-8A0D-520BBC3C0021}.Release|Any CPU.ActiveCfg = Release|Any CPU
		{E0C0F6EC-5BB9-4A80-8A0D-520BBC3C0021}.Release|Any CPU.Build.0 = Release|Any CPU
	EndGlobalSection
	GlobalSection(SolutionProperties) = preSolution
		HideSolutionNode = FALSE
	EndGlobalSection
	GlobalSection(ExtensibilityGlobals) = postSolution
		SolutionGuid = {714F25E9-A465-4B77-A032-612F2C7CE522}
	EndGlobalSection
EndGlobal
